# This file is automatically @generated by Poetry 1.4.1 and should not be changed by hand.

[[package]]
name = "tinyhtml"
version = "1.2.0"
description = "A tiny library to safely render compact HTML5 from Python expressions."
category = "main"
optional = false
python-versions = ">=3.7"
files = [
    {file = "tinyhtml-1.2.0-py3-none-any.whl", hash = "sha256:9cccd4c54479090f4e016494a0a284001c382654d60be4748c72c59480719cd1"},
    {file = "tinyhtml-1.2.0.tar.gz", hash = "sha256:e7ee376d83a552f884994688dde364710a8cb0f5e5c858587e7beb0b1f7c0679"},
]

[metadata]
lock-version = "2.0"
python-versions = "^3.11"
content-hash = "fffe1434e62f3c841a0dea2a4e54ad6ae66c4ec7c9a921828004b09e9d965b62"
